github.com/cpuguy83/go-md2man/v2 v2.0.1/go.mod h1:tgQtvFlXSQOSOSIRvRPT7W67SCa46tRHOmNcaadrF8o=
github.com/inconshreveable/mousetrap v1.0.0/go.mod h1:PxqpIevigyE2G7u3NXJIT2ANytuPF1OarO4DADm73n8=
github.com/inconshreveable/mousetrap v1.1.0 h1:wN+x4NVGpMsO7ErUn/mUI3vEoE6Jt13X2s0bqwp9tc8=
github.com/inconshreveable/mousetrap v1.1.0/go.mod h1:vpF70FUmC8bwa3OWnCshd2FqLfsEA9PFc4w1p2J65bw=
github.com/russross/blackfriday/v2 v2.1.0/go.mod h1:+Rmxgy9KzJVeS9/2gXHxylqXiyQDYRxCVz55jmeOWTM=
github.com/zulucmd/zflag v1.0.0 h1:viByzLR5dTrB7KFytbBQ8qU/8Z27bvtMU3A4rcuqZtU=
github.com/zulucmd/zflag v1.0.0/go.mod h1:snFF93KDcScS6xPJfXMGW5N5X/BON28FuZRUT/ulR6g=
github.com/zulucmd/zulu v0.0.0-20230102004644-f58362c81c5b h1:DxYVRmyb7hqUXXojhC2SPb1fa+k8CviE4xEYxyChPFs=
github.com/zulucmd/zulu v0.0.0-20230102004644-f58362c81c5b/go.mod h1:fr1jB+Sm1bAXfbaBY1tmKwm4gqyAo7q5lnly5k8vgTQ=
gopkg.in/check.v1 v0.0.0-20161208181325-20d25e280405/go.mod h1:Co6ibVJAznAaIkqp8huTwlJQCZ016jof/cbN4VW5Yz0=
gopkg.in/yaml.v3 v3.0.0-20200313102051-9f266ea9e77c/go.mod h1:K4uyk7z7BCEPqu6E+C64Yfv1cQ7kz7rIZviUmN+EgEM=
